
Microsoft Visual Studio Solution File, Format Version 12.00
# Visual Studio 15
VisualStudioVersion = 15.0.26124.0
MinimumVisualStudioVersion = 15.0.26124.0
Project("{2150E333-8FDC-42A3-9474-1A3956D46DE8}") = "src", "src", "{174875CC-2976-4B45-8A27-E0F375446C8F}"
EndProject
Project("{FAE04EC0-301F-11D3-BF4B-00C04F79EFBC}") = "day01", "src\day01\day01.csproj", "{4F34051C-C768-4F28-A01D-2F9F579997B0}"
EndProject
Project("{FAE04EC0-301F-11D3-BF4B-00C04F79EFBC}") = "day02", "src\day02\day02.csproj", "{2F51B3A4-4249-4B74-81A1-3AB4389F26CE}"
EndProject
Project("{FAE04EC0-301F-11D3-BF4B-00C04F79EFBC}") = "day03", "src\day03\day03.csproj", "{08BA1CA9-D9F6-4ADC-8AA8-6A4503567458}"
EndProject
Project("{FAE04EC0-301F-11D3-BF4B-00C04F79EFBC}") = "day04", "src\day04\day04.csproj", "{661C1892-92BC-44A8-84B3-EBCDE6048DE5}"
EndProject
Project("{FAE04EC0-301F-11D3-BF4B-00C04F79EFBC}") = "day05", "src\day05\day05.csproj", "{E7D86E2A-4EFC-4916-8AD7-90CE787DAD1F}"
EndProject
Project("{FAE04EC0-301F-11D3-BF4B-00C04F79EFBC}") = "day06", "src\day06\day06.csproj", "{B99045CE-E2BF-4869-8D39-46ED741E50E5}"
EndProject
Project("{FAE04EC0-301F-11D3-BF4B-00C04F79EFBC}") = "day07", "src\day07\day07.csproj", "{F5468517-F68F-4CC2-888F-A346ED5ADB53}"
EndProject
Project("{FAE04EC0-301F-11D3-BF4B-00C04F79EFBC}") = "day08", "src\day08\day08.csproj", "{FBDA8511-D164-472C-B254-EEE559556F6F}"
EndProject
Project("{FAE04EC0-301F-11D3-BF4B-00C04F79EFBC}") = "day09", "src\day09\day09.csproj", "{7820DCA1-111D-4134-B2B7-D3794CB25BF9}"
EndProject
Project("{FAE04EC0-301F-11D3-BF4B-00C04F79EFBC}") = "day10", "src\day10\day10.csproj", "{464BCCCD-F5E7-429C-99E4-94FA0B66F610}"
EndProject
Project("{FAE04EC0-301F-11D3-BF4B-00C04F79EFBC}") = "day12", "src\day12\day12.csproj", "{A6DB8FD2-A2F2-4E6B-852D-285FBB62F306}"
EndProject
Project("{FAE04EC0-301F-11D3-BF4B-00C04F79EFBC}") = "day13", "src\day13\day13.csproj", "{02326893-F7F2-429C-A49B-41DE4318CB9D}"
EndProject
Global
	GlobalSection(SolutionConfigurationPlatforms) = preSolution
		Debug|Any CPU = Debug|Any CPU
		Debug|x64 = Debug|x64
		Debug|x86 = Debug|x86
		Release|Any CPU = Release|Any CPU
		Release|x64 = Release|x64
		Release|x86 = Release|x86
	EndGlobalSection
	GlobalSection(SolutionProperties) = preSolution
		HideSolutionNode = FALSE
	EndGlobalSection
	GlobalSection(ProjectConfigurationPlatforms) = postSolution
		{4F34051C-C768-4F28-A01D-2F9F579997B0}.Debug|Any CPU.ActiveCfg = Debug|Any CPU
		{4F34051C-C768-4F28-A01D-2F9F579997B0}.Debug|Any CPU.Build.0 = Debug|Any CPU
		{4F34051C-C768-4F28-A01D-2F9F579997B0}.Debug|x64.ActiveCfg = Debug|Any CPU
		{4F34051C-C768-4F28-A01D-2F9F579997B0}.Debug|x64.Build.0 = Debug|Any CPU
		{4F34051C-C768-4F28-A01D-2F9F579997B0}.Debug|x86.ActiveCfg = Debug|Any CPU
		{4F34051C-C768-4F28-A01D-2F9F579997B0}.Debug|x86.Build.0 = Debug|Any CPU
		{4F34051C-C768-4F28-A01D-2F9F579997B0}.Release|Any CPU.ActiveCfg = Release|Any CPU
		{4F34051C-C768-4F28-A01D-2F9F579997B0}.Release|Any CPU.Build.0 = Release|Any CPU
		{4F34051C-C768-4F28-A01D-2F9F579997B0}.Release|x64.ActiveCfg = Release|Any CPU
		{4F34051C-C768-4F28-A01D-2F9F579997B0}.Release|x64.Build.0 = Release|Any CPU
		{4F34051C-C768-4F28-A01D-2F9F579997B0}.Release|x86.ActiveCfg = Release|Any CPU
		{4F34051C-C768-4F28-A01D-2F9F579997B0}.Release|x86.Build.0 = Release|Any CPU
		{2F51B3A4-4249-4B74-81A1-3AB4389F26CE}.Debug|Any CPU.ActiveCfg = Debug|Any CPU
		{2F51B3A4-4249-4B74-81A1-3AB4389F26CE}.Debug|Any CPU.Build.0 = Debug|Any CPU
		{2F51B3A4-4249-4B74-81A1-3AB4389F26CE}.Debug|x64.ActiveCfg = Debug|Any CPU
		{2F51B3A4-4249-4B74-81A1-3AB4389F26CE}.Debug|x64.Build.0 = Debug|Any CPU
		{2F51B3A4-4249-4B74-81A1-3AB4389F26CE}.Debug|x86.ActiveCfg = Debug|Any CPU
		{2F51B3A4-4249-4B74-81A1-3AB4389F26CE}.Debug|x86.Build.0 = Debug|Any CPU
		{2F51B3A4-4249-4B74-81A1-3AB4389F26CE}.Release|Any CPU.ActiveCfg = Release|Any CPU
		{2F51B3A4-4249-4B74-81A1-3AB4389F26CE}.Release|Any CPU.Build.0 = Release|Any CPU
		{2F51B3A4-4249-4B74-81A1-3AB4389F26CE}.Release|x64.ActiveCfg = Release|Any CPU
		{2F51B3A4-4249-4B74-81A1-3AB4389F26CE}.Release|x64.Build.0 = Release|Any CPU
		{2F51B3A4-4249-4B74-81A1-3AB4389F26CE}.Release|x86.ActiveCfg = Release|Any CPU
		{2F51B3A4-4249-4B74-81A1-3AB4389F26CE}.Release|x86.Build.0 = Release|Any CPU
		{08BA1CA9-D9F6-4ADC-8AA8-6A4503567458}.Debug|Any CPU.ActiveCfg = Debug|Any CPU
		{08BA1CA9-D9F6-4ADC-8AA8-6A4503567458}.Debug|Any CPU.Build.0 = Debug|Any CPU
		{08BA1CA9-D9F6-4ADC-8AA8-6A4503567458}.Debug|x64.ActiveCfg = Debug|Any CPU
		{08BA1CA9-D9F6-4ADC-8AA8-6A4503567458}.Debug|x64.Build.0 = Debug|Any CPU
		{08BA1CA9-D9F6-4ADC-8AA8-6A4503567458}.Debug|x86.ActiveCfg = Debug|Any CPU
		{08BA1CA9-D9F6-4ADC-8AA8-6A4503567458}.Debug|x86.Build.0 = Debug|Any CPU
		{08BA1CA9-D9F6-4ADC-8AA8-6A4503567458}.Release|Any CPU.ActiveCfg = Release|Any CPU
		{08BA1CA9-D9F6-4ADC-8AA8-6A4503567458}.Release|Any CPU.Build.0 = Release|Any CPU
		{08BA1CA9-D9F6-4ADC-8AA8-6A4503567458}.Release|x64.ActiveCfg = Release|Any CPU
		{08BA1CA9-D9F6-4ADC-8AA8-6A4503567458}.Release|x64.Build.0 = Release|Any CPU
		{08BA1CA9-D9F6-4ADC-8AA8-6A4503567458}.Release|x86.ActiveCfg = Release|Any CPU
		{08BA1CA9-D9F6-4ADC-8AA8-6A4503567458}.Release|x86.Build.0 = Release|Any CPU
		{661C1892-92BC-44A8-84B3-EBCDE6048DE5}.Debug|Any CPU.ActiveCfg = Debug|Any CPU
		{661C1892-92BC-44A8-84B3-EBCDE6048DE5}.Debug|Any CPU.Build.0 = Debug|Any CPU
		{661C1892-92BC-44A8-84B3-EBCDE6048DE5}.Debug|x64.ActiveCfg = Debug|Any CPU
		{661C1892-92BC-44A8-84B3-EBCDE6048DE5}.Debug|x64.Build.0 = Debug|Any CPU
		{661C1892-92BC-44A8-84B3-EBCDE6048DE5}.Debug|x86.ActiveCfg = Debug|Any CPU
		{661C1892-92BC-44A8-84B3-EBCDE6048DE5}.Debug|x86.Build.0 = Debug|Any CPU
		{661C1892-92BC-44A8-84B3-EBCDE6048DE5}.Release|Any CPU.ActiveCfg = Release|Any CPU
		{661C1892-92BC-44A8-84B3-EBCDE6048DE5}.Release|Any CPU.Build.0 = Release|Any CPU
		{661C1892-92BC-44A8-84B3-EBCDE6048DE5}.Release|x64.ActiveCfg = Release|Any CPU
		{661C1892-92BC-44A8-84B3-EBCDE6048DE5}.Release|x64.Build.0 = Release|Any CPU
		{661C1892-92BC-44A8-84B3-EBCDE6048DE5}.Release|x86.ActiveCfg = Release|Any CPU
		{661C1892-92BC-44A8-84B3-EBCDE6048DE5}.Release|x86.Build.0 = Release|Any CPU
		{E7D86E2A-4EFC-4916-8AD7-90CE787DAD1F}.Debug|Any CPU.ActiveCfg = Debug|Any CPU
		{E7D86E2A-4EFC-4916-8AD7-90CE787DAD1F}.Debug|Any CPU.Build.0 = Debug|Any CPU
		{E7D86E2A-4EFC-4916-8AD7-90CE787DAD1F}.Debug|x64.ActiveCfg = Debug|Any CPU
		{E7D86E2A-4EFC-4916-8AD7-90CE787DAD1F}.Debug|x64.Build.0 = Debug|Any CPU
		{E7D86E2A-4EFC-4916-8AD7-90CE787DAD1F}.Debug|x86.ActiveCfg = Debug|Any CPU
		{E7D86E2A-4EFC-4916-8AD7-90CE787DAD1F}.Debug|x86.Build.0 = Debug|Any CPU
		{E7D86E2A-4EFC-4916-8AD7-90CE787DAD1F}.Release|Any CPU.ActiveCfg = Release|Any CPU
		{E7D86E2A-4EFC-4916-8AD7-90CE787DAD1F}.Release|Any CPU.Build.0 = Release|Any CPU
		{E7D86E2A-4EFC-4916-8AD7-90CE787DAD1F}.Release|x64.ActiveCfg = Release|Any CPU
		{E7D86E2A-4EFC-4916-8AD7-90CE787DAD1F}.Release|x64.Build.0 = Release|Any CPU
		{E7D86E2A-4EFC-4916-8AD7-90CE787DAD1F}.Release|x86.ActiveCfg = Release|Any CPU
		{E7D86E2A-4EFC-4916-8AD7-90CE787DAD1F}.Release|x86.Build.0 = Release|Any CPU
		{B99045CE-E2BF-4869-8D39-46ED741E50E5}.Debug|Any CPU.ActiveCfg = Debug|Any CPU
		{B99045CE-E2BF-4869-8D39-46ED741E50E5}.Debug|Any CPU.Build.0 = Debug|Any CPU
		{B99045CE-E2BF-4869-8D39-46ED741E50E5}.Debug|x64.ActiveCfg = Debug|Any CPU
		{B99045CE-E2BF-4869-8D39-46ED741E50E5}.Debug|x64.Build.0 = Debug|Any CPU
		{B99045CE-E2BF-4869-8D39-46ED741E50E5}.Debug|x86.ActiveCfg = Debug|Any CPU
		{B99045CE-E2BF-4869-8D39-46ED741E50E5}.Debug|x86.Build.0 = Debug|Any CPU
		{B99045CE-E2BF-4869-8D39-46ED741E50E5}.Release|Any CPU.ActiveCfg = Release|Any CPU
		{B99045CE-E2BF-4869-8D39-46ED741E50E5}.Release|Any CPU.Build.0 = Release|Any CPU
		{B99045CE-E2BF-4869-8D39-46ED741E50E5}.Release|x64.ActiveCfg = Release|Any CPU
		{B99045CE-E2BF-4869-8D39-46ED741E50E5}.Release|x64.Build.0 = Release|Any CPU
		{B99045CE-E2BF-4869-8D39-46ED741E50E5}.Release|x86.ActiveCfg = Release|Any CPU
		{B99045CE-E2BF-4869-8D39-46ED741E50E5}.Release|x86.Build.0 = Release|Any CPU
		{F5468517-F68F-4CC2-888F-A346ED5ADB53}.Debug|Any CPU.ActiveCfg = Debug|Any CPU
		{F5468517-F68F-4CC2-888F-A346ED5ADB53}.Debug|Any CPU.Build.0 = Debug|Any CPU
		{F5468517-F68F-4CC2-888F-A346ED5ADB53}.Debug|x64.ActiveCfg = Debug|Any CPU
		{F5468517-F68F-4CC2-888F-A346ED5ADB53}.Debug|x64.Build.0 = Debug|Any CPU
		{F5468517-F68F-4CC2-888F-A346ED5ADB53}.Debug|x86.ActiveCfg = Debug|Any CPU
		{F5468517-F68F-4CC2-888F-A346ED5ADB53}.Debug|x86.Build.0 = Debug|Any CPU
		{F5468517-F68F-4CC2-888F-A346ED5ADB53}.Release|Any CPU.ActiveCfg = Release|Any CPU
		{F5468517-F68F-4CC2-888F-A346ED5ADB53}.Release|Any CPU.Build.0 = Release|Any CPU
		{F5468517-F68F-4CC2-888F-A346ED5ADB53}.Release|x64.ActiveCfg = Release|Any CPU
		{F5468517-F68F-4CC2-888F-A346ED5ADB53}.Release|x64.Build.0 = Release|Any CPU
		{F5468517-F68F-4CC2-888F-A346ED5ADB53}.Release|x86.ActiveCfg = Release|Any CPU
		{F5468517-F68F-4CC2-888F-A346ED5ADB53}.Release|x86.Build.0 = Release|Any CPU
		{FBDA8511-D164-472C-B254-EEE559556F6F}.Debug|Any CPU.ActiveCfg = Debug|Any CPU
		{FBDA8511-D164-472C-B254-EEE559556F6F}.Debug|Any CPU.Build.0 = Debug|Any CPU
		{FBDA8511-D164-472C-B254-EEE559556F6F}.Debug|x64.ActiveCfg = Debug|Any CPU
		{FBDA8511-D164-472C-B254-EEE559556F6F}.Debug|x64.Build.0 = Debug|Any CPU
		{FBDA8511-D164-472C-B254-EEE559556F6F}.Debug|x86.ActiveCfg = Debug|Any CPU
		{FBDA8511-D164-472C-B254-EEE559556F6F}.Debug|x86.Build.0 = Debug|Any CPU
		{FBDA8511-D164-472C-B254-EEE559556F6F}.Release|Any CPU.ActiveCfg = Release|Any CPU
		{FBDA8511-D164-472C-B254-EEE559556F6F}.Release|Any CPU.Build.0 = Release|Any CPU
		{FBDA8511-D164-472C-B254-EEE559556F6F}.Release|x64.ActiveCfg = Release|Any CPU
		{FBDA8511-D164-472C-B254-EEE559556F6F}.Release|x64.Build.0 = Release|Any CPU
		{FBDA8511-D164-472C-B254-EEE559556F6F}.Release|x86.ActiveCfg = Release|Any CPU
		{FBDA8511-D164-472C-B254-EEE559556F6F}.Release|x86.Build.0 = Release|Any CPU
		{7820DCA1-111D-4134-B2B7-D3794CB25BF9}.Debug|Any CPU.ActiveCfg = Debug|Any CPU
		{7820DCA1-111D-4134-B2B7-D3794CB25BF9}.Debug|Any CPU.Build.0 = Debug|Any CPU
		{7820DCA1-111D-4134-B2B7-D3794CB25BF9}.Debug|x64.ActiveCfg = Debug|Any CPU
		{7820DCA1-111D-4134-B2B7-D3794CB25BF9}.Debug|x64.Build.0 = Debug|Any CPU
		{7820DCA1-111D-4134-B2B7-D3794CB25BF9}.Debug|x86.ActiveCfg = Debug|Any CPU
		{7820DCA1-111D-4134-B2B7-D3794CB25BF9}.Debug|x86.Build.0 = Debug|Any CPU
		{7820DCA1-111D-4134-B2B7-D3794CB25BF9}.Release|Any CPU.ActiveCfg = Release|Any CPU
		{7820DCA1-111D-4134-B2B7-D3794CB25BF9}.Release|Any CPU.Build.0 = Release|Any CPU
		{7820DCA1-111D-4134-B2B7-D3794CB25BF9}.Release|x64.ActiveCfg = Release|Any CPU
		{7820DCA1-111D-4134-B2B7-D3794CB25BF9}.Release|x64.Build.0 = Release|Any CPU
		{7820DCA1-111D-4134-B2B7-D3794CB25BF9}.Release|x86.ActiveCfg = Release|Any CPU
		{7820DCA1-111D-4134-B2B7-D3794CB25BF9}.Release|x86.Build.0 = Release|Any CPU
		{464BCCCD-F5E7-429C-99E4-94FA0B66F610}.Debug|Any CPU.ActiveCfg = Debug|Any CPU
		{464BCCCD-F5E7-429C-99E4-94FA0B66F610}.Debug|Any CPU.Build.0 = Debug|Any CPU
		{464BCCCD-F5E7-429C-99E4-94FA0B66F610}.Debug|x64.ActiveCfg = Debug|Any CPU
		{464BCCCD-F5E7-429C-99E4-94FA0B66F610}.Debug|x64.Build.0 = Debug|Any CPU
		{464BCCCD-F5E7-429C-99E4-94FA0B66F610}.Debug|x86.ActiveCfg = Debug|Any CPU
		{464BCCCD-F5E7-429C-99E4-94FA0B66F610}.Debug|x86.Build.0 = Debug|Any CPU
		{464BCCCD-F5E7-429C-99E4-94FA0B66F610}.Release|Any CPU.ActiveCfg = Release|Any CPU
		{464BCCCD-F5E7-429C-99E4-94FA0B66F610}.Release|Any CPU.Build.0 = Release|Any CPU
		{464BCCCD-F5E7-429C-99E4-94FA0B66F610}.Release|x64.ActiveCfg = Release|Any CPU
		{464BCCCD-F5E7-429C-99E4-94FA0B66F610}.Release|x64.Build.0 = Release|Any CPU
		{464BCCCD-F5E7-429C-99E4-94FA0B66F610}.Release|x86.ActiveCfg = Release|Any CPU
		{464BCCCD-F5E7-429C-99E4-94FA0B66F610}.Release|x86.Build.0 = Release|Any CPU
		{A6DB8FD2-A2F2-4E6B-852D-285FBB62F306}.Debug|Any CPU.ActiveCfg = Debug|Any CPU
		{A6DB8FD2-A2F2-4E6B-852D-285FBB62F306}.Debug|Any CPU.Build.0 = Debug|Any CPU
		{A6DB8FD2-A2F2-4E6B-852D-285FBB62F306}.Debug|x64.ActiveCfg = Debug|Any CPU
		{A6DB8FD2-A2F2-4E6B-852D-285FBB62F306}.Debug|x64.Build.0 = Debug|Any CPU
		{A6DB8FD2-A2F2-4E6B-852D-285FBB62F306}.Debug|x86.ActiveCfg = Debug|Any CPU
		{A6DB8FD2-A2F2-4E6B-852D-285FBB62F306}.Debug|x86.Build.0 = Debug|Any CPU
		{A6DB8FD2-A2F2-4E6B-852D-285FBB62F306}.Release|Any CPU.ActiveCfg = Release|Any CPU
		{A6DB8FD2-A2F2-4E6B-852D-285FBB62F306}.Release|Any CPU.Build.0 = Release|Any CPU
		{A6DB8FD2-A2F2-4E6B-852D-285FBB62F306}.Release|x64.ActiveCfg = Release|Any CPU
		{A6DB8FD2-A2F2-4E6B-852D-285FBB62F306}.Release|x64.Build.0 = Release|Any CPU
		{A6DB8FD2-A2F2-4E6B-852D-285FBB62F306}.Release|x86.ActiveCfg = Release|Any CPU
		{A6DB8FD2-A2F2-4E6B-852D-285FBB62F306}.Release|x86.Build.0 = Release|Any CPU
		{02326893-F7F2-429C-A49B-41DE4318CB9D}.Debug|Any CPU.ActiveCfg = Debug|Any CPU
		{02326893-F7F2-429C-A49B-41DE4318CB9D}.Debug|Any CPU.Build.0 = Debug|Any CPU
		{02326893-F7F2-429C-A49B-41DE4318CB9D}.Debug|x64.ActiveCfg = Debug|Any CPU
		{02326893-F7F2-429C-A49B-41DE4318CB9D}.Debug|x64.Build.0 = Debug|Any CPU
		{02326893-F7F2-429C-A49B-41DE4318CB9D}.Debug|x86.ActiveCfg = Debug|Any CPU
		{02326893-F7F2-429C-A49B-41DE4318CB9D}.Debug|x86.Build.0 = Debug|Any CPU
		{02326893-F7F2-429C-A49B-41DE4318CB9D}.Release|Any CPU.ActiveCfg = Release|Any CPU
		{02326893-F7F2-429C-A49B-41DE4318CB9D}.Release|Any CPU.Build.0 = Release|Any CPU
		{02326893-F7F2-429C-A49B-41DE4318CB9D}.Release|x64.ActiveCfg = Release|Any CPU
		{02326893-F7F2-429C-A49B-41DE4318CB9D}.Release|x64.Build.0 = Release|Any CPU
		{02326893-F7F2-429C-A49B-41DE4318CB9D}.Release|x86.ActiveCfg = Release|Any CPU
		{02326893-F7F2-429C-A49B-41DE4318CB9D}.Release|x86.Build.0 = Release|Any CPU
	EndGlobalSection
	GlobalSection(NestedProjects) = preSolution
		{4F34051C-C768-4F28-A01D-2F9F579997B0} = {174875CC-2976-4B45-8A27-E0F375446C8F}
		{2F51B3A4-4249-4B74-81A1-3AB4389F26CE} = {174875CC-2976-4B45-8A27-E0F375446C8F}
		{08BA1CA9-D9F6-4ADC-8AA8-6A4503567458} = {174875CC-2976-4B45-8A27-E0F375446C8F}
		{661C1892-92BC-44A8-84B3-EBCDE6048DE5} = {174875CC-2976-4B45-8A27-E0F375446C8F}
		{E7D86E2A-4EFC-4916-8AD7-90CE787DAD1F} = {174875CC-2976-4B45-8A27-E0F375446C8F}
		{B99045CE-E2BF-4869-8D39-46ED741E50E5} = {174875CC-2976-4B45-8A27-E0F375446C8F}
		{F5468517-F68F-4CC2-888F-A346ED5ADB53} = {174875CC-2976-4B45-8A27-E0F375446C8F}
		{FBDA8511-D164-472C-B254-EEE559556F6F} = {174875CC-2976-4B45-8A27-E0F375446C8F}
		{7820DCA1-111D-4134-B2B7-D3794CB25BF9} = {174875CC-2976-4B45-8A27-E0F375446C8F}
		{464BCCCD-F5E7-429C-99E4-94FA0B66F610} = {174875CC-2976-4B45-8A27-E0F375446C8F}
		{A6DB8FD2-A2F2-4E6B-852D-285FBB62F306} = {174875CC-2976-4B45-8A27-E0F375446C8F}
		{02326893-F7F2-429C-A49B-41DE4318CB9D} = {174875CC-2976-4B45-8A27-E0F375446C8F}
	EndGlobalSection
EndGlobal
