
Microsoft Visual Studio Solution File, Format Version 12.00
# Visual Studio 15
VisualStudioVersion = 15.0.26124.0
MinimumVisualStudioVersion = 15.0.26124.0
Project("{2150E333-8FDC-42A3-9474-1A3956D46DE8}") = "src", "src", "{174875CC-2976-4B45-8A27-E0F375446C8F}"
EndProject
Project("{FAE04EC0-301F-11D3-BF4B-00C04F79EFBC}") = "day01", "src\day01\day01.csproj", "{4F34051C-C768-4F28-A01D-2F9F579997B0}"
EndProject
Project("{FAE04EC0-301F-11D3-BF4B-00C04F79EFBC}") = "day02", "src\day02\day02.csproj", "{2F51B3A4-4249-4B74-81A1-3AB4389F26CE}"
EndProject
Global
	GlobalSection(SolutionConfigurationPlatforms) = preSolution
		Debug|Any CPU = Debug|Any CPU
		Debug|x64 = Debug|x64
		Debug|x86 = Debug|x86
		Release|Any CPU = Release|Any CPU
		Release|x64 = Release|x64
		Release|x86 = Release|x86
	EndGlobalSection
	GlobalSection(SolutionProperties) = preSolution
		HideSolutionNode = FALSE
	EndGlobalSection
	GlobalSection(ProjectConfigurationPlatforms) = postSolution
		{4F34051C-C768-4F28-A01D-2F9F579997B0}.Debug|Any CPU.ActiveCfg = Debug|Any CPU
		{4F34051C-C768-4F28-A01D-2F9F579997B0}.Debug|Any CPU.Build.0 = Debug|Any CPU
		{4F34051C-C768-4F28-A01D-2F9F579997B0}.Debug|x64.ActiveCfg = Debug|Any CPU
		{4F34051C-C768-4F28-A01D-2F9F579997B0}.Debug|x64.Build.0 = Debug|Any CPU
		{4F34051C-C768-4F28-A01D-2F9F579997B0}.Debug|x86.ActiveCfg = Debug|Any CPU
		{4F34051C-C768-4F28-A01D-2F9F579997B0}.Debug|x86.Build.0 = Debug|Any CPU
		{4F34051C-C768-4F28-A01D-2F9F579997B0}.Release|Any CPU.ActiveCfg = Release|Any CPU
		{4F34051C-C768-4F28-A01D-2F9F579997B0}.Release|Any CPU.Build.0 = Release|Any CPU
		{4F34051C-C768-4F28-A01D-2F9F579997B0}.Release|x64.ActiveCfg = Release|Any CPU
		{4F34051C-C768-4F28-A01D-2F9F579997B0}.Release|x64.Build.0 = Release|Any CPU
		{4F34051C-C768-4F28-A01D-2F9F579997B0}.Release|x86.ActiveCfg = Release|Any CPU
		{4F34051C-C768-4F28-A01D-2F9F579997B0}.Release|x86.Build.0 = Release|Any CPU
		{2F51B3A4-4249-4B74-81A1-3AB4389F26CE}.Debug|Any CPU.ActiveCfg = Debug|Any CPU
		{2F51B3A4-4249-4B74-81A1-3AB4389F26CE}.Debug|Any CPU.Build.0 = Debug|Any CPU
		{2F51B3A4-4249-4B74-81A1-3AB4389F26CE}.Debug|x64.ActiveCfg = Debug|Any CPU
		{2F51B3A4-4249-4B74-81A1-3AB4389F26CE}.Debug|x64.Build.0 = Debug|Any CPU
		{2F51B3A4-4249-4B74-81A1-3AB4389F26CE}.Debug|x86.ActiveCfg = Debug|Any CPU
		{2F51B3A4-4249-4B74-81A1-3AB4389F26CE}.Debug|x86.Build.0 = Debug|Any CPU
		{2F51B3A4-4249-4B74-81A1-3AB4389F26CE}.Release|Any CPU.ActiveCfg = Release|Any CPU
		{2F51B3A4-4249-4B74-81A1-3AB4389F26CE}.Release|Any CPU.Build.0 = Release|Any CPU
		{2F51B3A4-4249-4B74-81A1-3AB4389F26CE}.Release|x64.ActiveCfg = Release|Any CPU
		{2F51B3A4-4249-4B74-81A1-3AB4389F26CE}.Release|x64.Build.0 = Release|Any CPU
		{2F51B3A4-4249-4B74-81A1-3AB4389F26CE}.Release|x86.ActiveCfg = Release|Any CPU
		{2F51B3A4-4249-4B74-81A1-3AB4389F26CE}.Release|x86.Build.0 = Release|Any CPU
	EndGlobalSection
	GlobalSection(NestedProjects) = preSolution
		{4F34051C-C768-4F28-A01D-2F9F579997B0} = {174875CC-2976-4B45-8A27-E0F375446C8F}
		{2F51B3A4-4249-4B74-81A1-3AB4389F26CE} = {174875CC-2976-4B45-8A27-E0F375446C8F}
	EndGlobalSection
EndGlobal
